
Microsoft Visual Studio Solution File, Format Version 12.00
# Visual Studio Version 17
VisualStudioVersion = 17.7.34202.233
MinimumVisualStudioVersion = 10.0.40219.1
Project("{2150E333-8FDC-42A3-9474-1A3956D46DE8}") = "src", "src", "{28B1F457-E2CB-46B9-A357-660BB18E92F6}"
EndProject
Project("{2150E333-8FDC-42A3-9474-1A3956D46DE8}") = "tests", "tests", "{5A0235A4-E0D7-4A12-88BE-7C03323B0C10}"
EndProject
Project("{2150E333-8FDC-42A3-9474-1A3956D46DE8}") = "Core", "Core", "{C9B3A2F5-EEB2-4345-B822-AF31AE90D635}"
EndProject
Project("{2150E333-8FDC-42A3-9474-1A3956D46DE8}") = "External", "External", "{2C92F49F-4653-4F78-9FD7-7E894A2EAEC1}"
EndProject
Project("{FAE04EC0-301F-11D3-BF4B-00C04F79EFBC}") = "CWA.Domain", "CWA.Domain\CWA.Domain.csproj", "{7E73305C-5725-45AE-B357-CB4A8909AC85}"
EndProject
Project("{FAE04EC0-301F-11D3-BF4B-00C04F79EFBC}") = "CWA.Application", "CWA.Application\CWA.Application.csproj", "{3CF746CD-775A-4F11-B3F9-4CAE6FCE5599}"
EndProject
Project("{FAE04EC0-301F-11D3-BF4B-00C04F79EFBC}") = "CWA.Infrastructure", "CWA.Infrastructure\CWA.Infrastructure.csproj", "{8039E7E2-C19F-41F0-BAE1-35B5143B2AB4}"
EndProject
Project("{FAE04EC0-301F-11D3-BF4B-00C04F79EFBC}") = "CWA.API", "CWA.API\CWA.API.csproj", "{3F8A337B-9B57-4DA0-8A82-B3C2AE728B54}"
EndProject
Project("{FAE04EC0-301F-11D3-BF4B-00C04F79EFBC}") = "CWA.UnitTests", "CWA.UnitTests\CWA.UnitTests.csproj", "{D46A3E15-EE45-4346-ACF9-AA027196BA0E}"
EndProject
Global
	GlobalSection(SolutionConfigurationPlatforms) = preSolution
		Debug|Any CPU = Debug|Any CPU
		Release|Any CPU = Release|Any CPU
	EndGlobalSection
	GlobalSection(ProjectConfigurationPlatforms) = postSolution
		{7E73305C-5725-45AE-B357-CB4A8909AC85}.Debug|Any CPU.ActiveCfg = Debug|Any CPU
		{7E73305C-5725-45AE-B357-CB4A8909AC85}.Debug|Any CPU.Build.0 = Debug|Any CPU
		{7E73305C-5725-45AE-B357-CB4A8909AC85}.Release|Any CPU.ActiveCfg = Release|Any CPU
		{7E73305C-5725-45AE-B357-CB4A8909AC85}.Release|Any CPU.Build.0 = Release|Any CPU
		{3CF746CD-775A-4F11-B3F9-4CAE6FCE5599}.Debug|Any CPU.ActiveCfg = Debug|Any CPU
		{3CF746CD-775A-4F11-B3F9-4CAE6FCE5599}.Debug|Any CPU.Build.0 = Debug|Any CPU
		{3CF746CD-775A-4F11-B3F9-4CAE6FCE5599}.Release|Any CPU.ActiveCfg = Release|Any CPU
		{3CF746CD-775A-4F11-B3F9-4CAE6FCE5599}.Release|Any CPU.Build.0 = Release|Any CPU
		{8039E7E2-C19F-41F0-BAE1-35B5143B2AB4}.Debug|Any CPU.ActiveCfg = Debug|Any CPU
		{8039E7E2-C19F-41F0-BAE1-35B5143B2AB4}.Debug|Any CPU.Build.0 = Debug|Any CPU
		{8039E7E2-C19F-41F0-BAE1-35B5143B2AB4}.Release|Any CPU.ActiveCfg = Release|Any CPU
		{8039E7E2-C19F-41F0-BAE1-35B5143B2AB4}.Release|Any CPU.Build.0 = Release|Any CPU
		{3F8A337B-9B57-4DA0-8A82-B3C2AE728B54}.Debug|Any CPU.ActiveCfg = Debug|Any CPU
		{3F8A337B-9B57-4DA0-8A82-B3C2AE728B54}.Debug|Any CPU.Build.0 = Debug|Any CPU
		{3F8A337B-9B57-4DA0-8A82-B3C2AE728B54}.Release|Any CPU.ActiveCfg = Release|Any CPU
		{3F8A337B-9B57-4DA0-8A82-B3C2AE728B54}.Release|Any CPU.Build.0 = Release|Any CPU
		{D46A3E15-EE45-4346-ACF9-AA027196BA0E}.Debug|Any CPU.ActiveCfg = Debug|Any CPU
		{D46A3E15-EE45-4346-ACF9-AA027196BA0E}.Debug|Any CPU.Build.0 = Debug|Any CPU
		{D46A3E15-EE45-4346-ACF9-AA027196BA0E}.Release|Any CPU.ActiveCfg = Release|Any CPU
		{D46A3E15-EE45-4346-ACF9-AA027196BA0E}.Release|Any CPU.Build.0 = Release|Any CPU
	EndGlobalSection
	GlobalSection(SolutionProperties) = preSolution
		HideSolutionNode = FALSE
	EndGlobalSection
	GlobalSection(NestedProjects) = preSolution
		{C9B3A2F5-EEB2-4345-B822-AF31AE90D635} = {28B1F457-E2CB-46B9-A357-660BB18E92F6}
		{2C92F49F-4653-4F78-9FD7-7E894A2EAEC1} = {28B1F457-E2CB-46B9-A357-660BB18E92F6}
		{7E73305C-5725-45AE-B357-CB4A8909AC85} = {C9B3A2F5-EEB2-4345-B822-AF31AE90D635}
		{3CF746CD-775A-4F11-B3F9-4CAE6FCE5599} = {C9B3A2F5-EEB2-4345-B822-AF31AE90D635}
		{8039E7E2-C19F-41F0-BAE1-35B5143B2AB4} = {2C92F49F-4653-4F78-9FD7-7E894A2EAEC1}
		{3F8A337B-9B57-4DA0-8A82-B3C2AE728B54} = {2C92F49F-4653-4F78-9FD7-7E894A2EAEC1}
		{D46A3E15-EE45-4346-ACF9-AA027196BA0E} = {5A0235A4-E0D7-4A12-88BE-7C03323B0C10}
	EndGlobalSection
	GlobalSection(ExtensibilityGlobals) = postSolution
		SolutionGuid = {F6084589-7AD0-4AC4-B1CC-D6454A7758F0}
	EndGlobalSection
EndGlobal
