
Microsoft Visual Studio Solution File, Format Version 12.00
# Visual Studio Version 17
VisualStudioVersion = 17.7.34202.233
MinimumVisualStudioVersion = 10.0.40219.1
Project("{2150E333-8FDC-42A3-9474-1A3956D46DE8}") = "src", "src", "{28B1F457-E2CB-46B9-A357-660BB18E92F6}"
EndProject
Project("{2150E333-8FDC-42A3-9474-1A3956D46DE8}") = "tests", "tests", "{5A0235A4-E0D7-4A12-88BE-7C03323B0C10}"
EndProject
Project("{2150E333-8FDC-42A3-9474-1A3956D46DE8}") = "Core", "Core", "{C9B3A2F5-EEB2-4345-B822-AF31AE90D635}"
EndProject
Project("{2150E333-8FDC-42A3-9474-1A3956D46DE8}") = "External", "External", "{2C92F49F-4653-4F78-9FD7-7E894A2EAEC1}"
EndProject
Project("{9A19103F-16F7-4668-BE54-9A1E7A4F7556}") = "CWA.Application", "src\Core\CWA.Application\CWA.Application.csproj", "{44BF59EB-DA5E-4BC7-BAE2-A6187CC9828A}"
EndProject
Project("{9A19103F-16F7-4668-BE54-9A1E7A4F7556}") = "CWA.Domain", "src\Core\CWA.Domain\CWA.Domain.csproj", "{F7992260-7F6E-4A8B-8619-1C29E4CBAE37}"
EndProject
Project("{9A19103F-16F7-4668-BE54-9A1E7A4F7556}") = "CWA.API", "src\External\CWA.API\CWA.API.csproj", "{8A3BF21B-80BC-47E4-888F-B8573598E946}"
EndProject
Project("{9A19103F-16F7-4668-BE54-9A1E7A4F7556}") = "CWA.Infrastructure", "src\External\CWA.Infrastructure\CWA.Infrastructure.csproj", "{546C31CC-DEE0-4AD3-BD80-37FA6DC2F385}"
EndProject
Project("{9A19103F-16F7-4668-BE54-9A1E7A4F7556}") = "CWA.UnitTests", "tests\CWA.UnitTests\CWA.UnitTests.csproj", "{04419E73-A1F6-4CDE-B9AC-958A44D0040D}"
EndProject
Global
	GlobalSection(SolutionConfigurationPlatforms) = preSolution
		Debug|Any CPU = Debug|Any CPU
		Release|Any CPU = Release|Any CPU
	EndGlobalSection
	GlobalSection(ProjectConfigurationPlatforms) = postSolution
		{44BF59EB-DA5E-4BC7-BAE2-A6187CC9828A}.Debug|Any CPU.ActiveCfg = Debug|Any CPU
		{44BF59EB-DA5E-4BC7-BAE2-A6187CC9828A}.Debug|Any CPU.Build.0 = Debug|Any CPU
		{44BF59EB-DA5E-4BC7-BAE2-A6187CC9828A}.Release|Any CPU.ActiveCfg = Release|Any CPU
		{44BF59EB-DA5E-4BC7-BAE2-A6187CC9828A}.Release|Any CPU.Build.0 = Release|Any CPU
		{F7992260-7F6E-4A8B-8619-1C29E4CBAE37}.Debug|Any CPU.ActiveCfg = Debug|Any CPU
		{F7992260-7F6E-4A8B-8619-1C29E4CBAE37}.Debug|Any CPU.Build.0 = Debug|Any CPU
		{F7992260-7F6E-4A8B-8619-1C29E4CBAE37}.Release|Any CPU.ActiveCfg = Release|Any CPU
		{F7992260-7F6E-4A8B-8619-1C29E4CBAE37}.Release|Any CPU.Build.0 = Release|Any CPU
		{8A3BF21B-80BC-47E4-888F-B8573598E946}.Debug|Any CPU.ActiveCfg = Debug|Any CPU
		{8A3BF21B-80BC-47E4-888F-B8573598E946}.Debug|Any CPU.Build.0 = Debug|Any CPU
		{8A3BF21B-80BC-47E4-888F-B8573598E946}.Release|Any CPU.ActiveCfg = Release|Any CPU
		{8A3BF21B-80BC-47E4-888F-B8573598E946}.Release|Any CPU.Build.0 = Release|Any CPU
		{546C31CC-DEE0-4AD3-BD80-37FA6DC2F385}.Debug|Any CPU.ActiveCfg = Debug|Any CPU
		{546C31CC-DEE0-4AD3-BD80-37FA6DC2F385}.Debug|Any CPU.Build.0 = Debug|Any CPU
		{546C31CC-DEE0-4AD3-BD80-37FA6DC2F385}.Release|Any CPU.ActiveCfg = Release|Any CPU
		{546C31CC-DEE0-4AD3-BD80-37FA6DC2F385}.Release|Any CPU.Build.0 = Release|Any CPU
		{04419E73-A1F6-4CDE-B9AC-958A44D0040D}.Debug|Any CPU.ActiveCfg = Debug|Any CPU
		{04419E73-A1F6-4CDE-B9AC-958A44D0040D}.Debug|Any CPU.Build.0 = Debug|Any CPU
		{04419E73-A1F6-4CDE-B9AC-958A44D0040D}.Release|Any CPU.ActiveCfg = Release|Any CPU
		{04419E73-A1F6-4CDE-B9AC-958A44D0040D}.Release|Any CPU.Build.0 = Release|Any CPU
	EndGlobalSection
	GlobalSection(SolutionProperties) = preSolution
		HideSolutionNode = FALSE
	EndGlobalSection
	GlobalSection(NestedProjects) = preSolution
		{C9B3A2F5-EEB2-4345-B822-AF31AE90D635} = {28B1F457-E2CB-46B9-A357-660BB18E92F6}
		{2C92F49F-4653-4F78-9FD7-7E894A2EAEC1} = {28B1F457-E2CB-46B9-A357-660BB18E92F6}
		{44BF59EB-DA5E-4BC7-BAE2-A6187CC9828A} = {C9B3A2F5-EEB2-4345-B822-AF31AE90D635}
		{F7992260-7F6E-4A8B-8619-1C29E4CBAE37} = {C9B3A2F5-EEB2-4345-B822-AF31AE90D635}
		{8A3BF21B-80BC-47E4-888F-B8573598E946} = {2C92F49F-4653-4F78-9FD7-7E894A2EAEC1}
		{546C31CC-DEE0-4AD3-BD80-37FA6DC2F385} = {2C92F49F-4653-4F78-9FD7-7E894A2EAEC1}
		{04419E73-A1F6-4CDE-B9AC-958A44D0040D} = {5A0235A4-E0D7-4A12-88BE-7C03323B0C10}
	EndGlobalSection
	GlobalSection(ExtensibilityGlobals) = postSolution
		SolutionGuid = {F6084589-7AD0-4AC4-B1CC-D6454A7758F0}
	EndGlobalSection
EndGlobal
